
Microsoft Visual Studio Solution File, Format Version 12.00
# Visual Studio Version 17
VisualStudioVersion = 17.0.31903.59
MinimumVisualStudioVersion = 10.0.40219.1
Project("{2150E333-8FDC-42A3-9474-1A3956D46DE8}") = "src", "src", "{827E0CD3-B72D-47B6-A68D-7590B98EB39B}"
EndProject
Project("{2150E333-8FDC-42A3-9474-1A3956D46DE8}") = "FeedStackEngine.Functions", "FeedStackEngine.Functions", "{5ADEFEAD-19EA-A64A-6265-5CB674136A9B}"
EndProject
Project("{FAE04EC0-301F-11D3-BF4B-00C04F79EFBC}") = "FeedStackEngine_Functions", "src\FeedStackEngine.Functions\FeedStackEngine_Functions.csproj", "{17A30DDB-BC85-4F51-8A5A-32A83942911C}"
EndProject
Project("{2150E333-8FDC-42A3-9474-1A3956D46DE8}") = "tests", "tests", "{0AB3BF05-4346-4AA6-1389-037BE0695223}"
EndProject
Project("{FAE04EC0-301F-11D3-BF4B-00C04F79EFBC}") = "FeedStackEngine.Tests", "tests\FeedStackEngine.Tests\FeedStackEngine.Tests.csproj", "{3CBC0492-C6F4-48AD-A00D-C3EA68E84516}"
EndProject
Global
	GlobalSection(SolutionConfigurationPlatforms) = preSolution
		Debug|Any CPU = Debug|Any CPU
		Debug|x64 = Debug|x64
		Debug|x86 = Debug|x86
		Release|Any CPU = Release|Any CPU
		Release|x64 = Release|x64
		Release|x86 = Release|x86
	EndGlobalSection
	GlobalSection(ProjectConfigurationPlatforms) = postSolution
		{17A30DDB-BC85-4F51-8A5A-32A83942911C}.Debug|Any CPU.ActiveCfg = Debug|Any CPU
		{17A30DDB-BC85-4F51-8A5A-32A83942911C}.Debug|Any CPU.Build.0 = Debug|Any CPU
		{17A30DDB-BC85-4F51-8A5A-32A83942911C}.Debug|x64.ActiveCfg = Debug|Any CPU
		{17A30DDB-BC85-4F51-8A5A-32A83942911C}.Debug|x64.Build.0 = Debug|Any CPU
		{17A30DDB-BC85-4F51-8A5A-32A83942911C}.Debug|x86.ActiveCfg = Debug|Any CPU
		{17A30DDB-BC85-4F51-8A5A-32A83942911C}.Debug|x86.Build.0 = Debug|Any CPU
		{17A30DDB-BC85-4F51-8A5A-32A83942911C}.Release|Any CPU.ActiveCfg = Release|Any CPU
		{17A30DDB-BC85-4F51-8A5A-32A83942911C}.Release|Any CPU.Build.0 = Release|Any CPU
		{17A30DDB-BC85-4F51-8A5A-32A83942911C}.Release|x64.ActiveCfg = Release|Any CPU
		{17A30DDB-BC85-4F51-8A5A-32A83942911C}.Release|x64.Build.0 = Release|Any CPU
		{17A30DDB-BC85-4F51-8A5A-32A83942911C}.Release|x86.ActiveCfg = Release|Any CPU
		{17A30DDB-BC85-4F51-8A5A-32A83942911C}.Release|x86.Build.0 = Release|Any CPU
		{3CBC0492-C6F4-48AD-A00D-C3EA68E84516}.Debug|Any CPU.ActiveCfg = Debug|Any CPU
		{3CBC0492-C6F4-48AD-A00D-C3EA68E84516}.Debug|Any CPU.Build.0 = Debug|Any CPU
		{3CBC0492-C6F4-48AD-A00D-C3EA68E84516}.Debug|x64.ActiveCfg = Debug|Any CPU
		{3CBC0492-C6F4-48AD-A00D-C3EA68E84516}.Debug|x64.Build.0 = Debug|Any CPU
		{3CBC0492-C6F4-48AD-A00D-C3EA68E84516}.Debug|x86.ActiveCfg = Debug|Any CPU
		{3CBC0492-C6F4-48AD-A00D-C3EA68E84516}.Debug|x86.Build.0 = Debug|Any CPU
		{3CBC0492-C6F4-48AD-A00D-C3EA68E84516}.Release|Any CPU.ActiveCfg = Release|Any CPU
		{3CBC0492-C6F4-48AD-A00D-C3EA68E84516}.Release|Any CPU.Build.0 = Release|Any CPU
		{3CBC0492-C6F4-48AD-A00D-C3EA68E84516}.Release|x64.ActiveCfg = Release|Any CPU
		{3CBC0492-C6F4-48AD-A00D-C3EA68E84516}.Release|x64.Build.0 = Release|Any CPU
		{3CBC0492-C6F4-48AD-A00D-C3EA68E84516}.Release|x86.ActiveCfg = Release|Any CPU
		{3CBC0492-C6F4-48AD-A00D-C3EA68E84516}.Release|x86.Build.0 = Release|Any CPU
	EndGlobalSection
	GlobalSection(SolutionProperties) = preSolution
		HideSolutionNode = FALSE
	EndGlobalSection
	GlobalSection(NestedProjects) = preSolution
		{5ADEFEAD-19EA-A64A-6265-5CB674136A9B} = {827E0CD3-B72D-47B6-A68D-7590B98EB39B}
		{17A30DDB-BC85-4F51-8A5A-32A83942911C} = {5ADEFEAD-19EA-A64A-6265-5CB674136A9B}
		{3CBC0492-C6F4-48AD-A00D-C3EA68E84516} = {0AB3BF05-4346-4AA6-1389-037BE0695223}
	EndGlobalSection
EndGlobal
